
Microsoft Visual Studio Solution File, Format Version 12.00
# Visual Studio Version 17
VisualStudioVersion = 17.2.32616.157
MinimumVisualStudioVersion = 10.0.40219.1
Project("{2150E333-8FDC-42A3-9474-1A3956D46DE8}") = "src", "src", "{6A0B6A20-F973-4EF6-BDA3-270630301EB1}"
EndProject
Project("{2150E333-8FDC-42A3-9474-1A3956D46DE8}") = "tests", "tests", "{E5A6379E-02BC-417D-8058-9AA646FE2674}"
EndProject
Project("{FAE04EC0-301F-11D3-BF4B-00C04F79EFBC}") = "VirtoCommerce.BackInStock.Core", "src\VirtoCommerce.BackInStock.Core\VirtoCommerce.BackInStock.Core.csproj", "{5CEE48C5-C50F-4F72-90D9-1252C7652D06}"
EndProject
Project("{FAE04EC0-301F-11D3-BF4B-00C04F79EFBC}") = "VirtoCommerce.BackInStock.Data", "src\VirtoCommerce.BackInStock.Data\VirtoCommerce.BackInStock.Data.csproj", "{1E465B25-DBE9-4249-8CEE-133E408A3178}"
EndProject
Project("{FAE04EC0-301F-11D3-BF4B-00C04F79EFBC}") = "VirtoCommerce.BackInStock.Data.MySql", "src\VirtoCommerce.BackInStock.Data.MySql\VirtoCommerce.BackInStock.Data.MySql.csproj", "{861FF52E-BE86-46BA-9D4B-14719BEBA50F}"
EndProject
Project("{FAE04EC0-301F-11D3-BF4B-00C04F79EFBC}") = "VirtoCommerce.BackInStock.Data.PostgreSql", "src\VirtoCommerce.BackInStock.Data.PostgreSql\VirtoCommerce.BackInStock.Data.PostgreSql.csproj", "{6D504743-F0BA-4DA3-9620-DE79861DEF9C}"
EndProject
Project("{FAE04EC0-301F-11D3-BF4B-00C04F79EFBC}") = "VirtoCommerce.BackInStock.Data.SqlServer", "src\VirtoCommerce.BackInStock.Data.SqlServer\VirtoCommerce.BackInStock.Data.SqlServer.csproj", "{2A51492B-6FDD-46EB-833E-C6161AC7E1F1}"
EndProject
Project("{FAE04EC0-301F-11D3-BF4B-00C04F79EFBC}") = "VirtoCommerce.BackInStock.ExperienceApi", "src\VirtoCommerce.BackInStock.ExperienceApi\VirtoCommerce.BackInStock.ExperienceApi.csproj", "{B9AB60F1-D427-4C06-864E-437B2DDDC45E}"
EndProject
Project("{FAE04EC0-301F-11D3-BF4B-00C04F79EFBC}") = "VirtoCommerce.BackInStock.Web", "src\VirtoCommerce.BackInStock.Web\VirtoCommerce.BackInStock.Web.csproj", "{9D263477-D08E-415C-B1F8-99D746FA4063}"
EndProject
Project("{FAE04EC0-301F-11D3-BF4B-00C04F79EFBC}") = "VirtoCommerce.BackInStock.Test", "tests\VirtoCommerce.BackInStock.Test\VirtoCommerce.BackInStock.Test.csproj", "{5FC02CC0-25A5-4EE9-A71E-A40620CBC2ED}"
EndProject
Global
	GlobalSection(SolutionConfigurationPlatforms) = preSolution
		Debug|Any CPU = Debug|Any CPU
		Release|Any CPU = Release|Any CPU
	EndGlobalSection
	GlobalSection(ProjectConfigurationPlatforms) = postSolution
		{5CEE48C5-C50F-4F72-90D9-1252C7652D06}.Debug|Any CPU.ActiveCfg = Debug|Any CPU
		{5CEE48C5-C50F-4F72-90D9-1252C7652D06}.Debug|Any CPU.Build.0 = Debug|Any CPU
		{5CEE48C5-C50F-4F72-90D9-1252C7652D06}.Release|Any CPU.ActiveCfg = Release|Any CPU
		{5CEE48C5-C50F-4F72-90D9-1252C7652D06}.Release|Any CPU.Build.0 = Release|Any CPU
		{1E465B25-DBE9-4249-8CEE-133E408A3178}.Debug|Any CPU.ActiveCfg = Debug|Any CPU
		{1E465B25-DBE9-4249-8CEE-133E408A3178}.Debug|Any CPU.Build.0 = Debug|Any CPU
		{1E465B25-DBE9-4249-8CEE-133E408A3178}.Release|Any CPU.ActiveCfg = Release|Any CPU
		{1E465B25-DBE9-4249-8CEE-133E408A3178}.Release|Any CPU.Build.0 = Release|Any CPU
		{861FF52E-BE86-46BA-9D4B-14719BEBA50F}.Debug|Any CPU.ActiveCfg = Debug|Any CPU
		{861FF52E-BE86-46BA-9D4B-14719BEBA50F}.Debug|Any CPU.Build.0 = Debug|Any CPU
		{861FF52E-BE86-46BA-9D4B-14719BEBA50F}.Release|Any CPU.ActiveCfg = Release|Any CPU
		{861FF52E-BE86-46BA-9D4B-14719BEBA50F}.Release|Any CPU.Build.0 = Release|Any CPU
		{6D504743-F0BA-4DA3-9620-DE79861DEF9C}.Debug|Any CPU.ActiveCfg = Debug|Any CPU
		{6D504743-F0BA-4DA3-9620-DE79861DEF9C}.Debug|Any CPU.Build.0 = Debug|Any CPU
		{6D504743-F0BA-4DA3-9620-DE79861DEF9C}.Release|Any CPU.ActiveCfg = Release|Any CPU
		{6D504743-F0BA-4DA3-9620-DE79861DEF9C}.Release|Any CPU.Build.0 = Release|Any CPU
		{2A51492B-6FDD-46EB-833E-C6161AC7E1F1}.Debug|Any CPU.ActiveCfg = Debug|Any CPU
		{2A51492B-6FDD-46EB-833E-C6161AC7E1F1}.Debug|Any CPU.Build.0 = Debug|Any CPU
		{2A51492B-6FDD-46EB-833E-C6161AC7E1F1}.Release|Any CPU.ActiveCfg = Release|Any CPU
		{2A51492B-6FDD-46EB-833E-C6161AC7E1F1}.Release|Any CPU.Build.0 = Release|Any CPU
		{B9AB60F1-D427-4C06-864E-437B2DDDC45E}.Debug|Any CPU.ActiveCfg = Debug|Any CPU
		{B9AB60F1-D427-4C06-864E-437B2DDDC45E}.Debug|Any CPU.Build.0 = Debug|Any CPU
		{B9AB60F1-D427-4C06-864E-437B2DDDC45E}.Release|Any CPU.ActiveCfg = Release|Any CPU
		{B9AB60F1-D427-4C06-864E-437B2DDDC45E}.Release|Any CPU.Build.0 = Release|Any CPU
		{9D263477-D08E-415C-B1F8-99D746FA4063}.Debug|Any CPU.ActiveCfg = Debug|Any CPU
		{9D263477-D08E-415C-B1F8-99D746FA4063}.Debug|Any CPU.Build.0 = Debug|Any CPU
		{9D263477-D08E-415C-B1F8-99D746FA4063}.Release|Any CPU.ActiveCfg = Release|Any CPU
		{9D263477-D08E-415C-B1F8-99D746FA4063}.Release|Any CPU.Build.0 = Release|Any CPU
		{5FC02CC0-25A5-4EE9-A71E-A40620CBC2ED}.Debug|Any CPU.ActiveCfg = Debug|Any CPU
		{5FC02CC0-25A5-4EE9-A71E-A40620CBC2ED}.Debug|Any CPU.Build.0 = Debug|Any CPU
		{5FC02CC0-25A5-4EE9-A71E-A40620CBC2ED}.Release|Any CPU.ActiveCfg = Release|Any CPU
		{5FC02CC0-25A5-4EE9-A71E-A40620CBC2ED}.Release|Any CPU.Build.0 = Release|Any CPU
	EndGlobalSection
	GlobalSection(SolutionProperties) = preSolution
		HideSolutionNode = FALSE
	EndGlobalSection
	GlobalSection(NestedProjects) = preSolution
		{5CEE48C5-C50F-4F72-90D9-1252C7652D06} = {6A0B6A20-F973-4EF6-BDA3-270630301EB1}
		{1E465B25-DBE9-4249-8CEE-133E408A3178} = {6A0B6A20-F973-4EF6-BDA3-270630301EB1}
		{861FF52E-BE86-46BA-9D4B-14719BEBA50F} = {6A0B6A20-F973-4EF6-BDA3-270630301EB1}
		{6D504743-F0BA-4DA3-9620-DE79861DEF9C} = {6A0B6A20-F973-4EF6-BDA3-270630301EB1}
		{2A51492B-6FDD-46EB-833E-C6161AC7E1F1} = {6A0B6A20-F973-4EF6-BDA3-270630301EB1}
		{B9AB60F1-D427-4C06-864E-437B2DDDC45E} = {6A0B6A20-F973-4EF6-BDA3-270630301EB1}
		{9D263477-D08E-415C-B1F8-99D746FA4063} = {6A0B6A20-F973-4EF6-BDA3-270630301EB1}
		{5FC02CC0-25A5-4EE9-A71E-A40620CBC2ED} = {E5A6379E-02BC-417D-8058-9AA646FE2674}
	EndGlobalSection
	GlobalSection(ExtensibilityGlobals) = postSolution
		SolutionGuid = {EC7FC04A-0D0E-4C1F-AE75-B031A8B9B7B9}
	EndGlobalSection
EndGlobal
